PODS:
  - AFNetworking (1.3.4)
  - AMWaveTransition (0.6.2)
  - BFNavigationBarDrawer (1.0.2)
  - DLAlertView (1.2.5)
  - DZNEmptyDataSet (1.8.1)
  - iPerspective (0.2.1)
  - ISO8601DateFormatterValueTransformer (0.6.1):
    - RKValueTransformers (~> 1.1.0)
  - iToolbar (0.1.1)
  - iTunesApi (0.2.1):
    - AFNetworking (~> 1.3.4)
    - RestKit (~> 0.24.1)
  - MagicalRecord (2.3.2):
    - MagicalRecord/Core (= 2.3.2)
  - MagicalRecord/Core (2.3.2)
  - MONActivityIndicatorView (0.0.3)
  - REFrostedViewController (2.4.8)
  - RestKit (0.24.1):
    - RestKit/Core (= 0.24.1)
  - RestKit/Core (0.24.1):
    - RestKit/CoreData
    - RestKit/Network
    - RestKit/ObjectMapping
  - RestKit/CoreData (0.24.1):
    - RestKit/ObjectMapping
  - RestKit/Network (0.24.1):
    - AFNetworking (~> 1.3.0)
    - RestKit/ObjectMapping
    - RestKit/Support
    - SOCKit
  - RestKit/ObjectMapping (0.24.1):
    - ISO8601DateFormatterValueTransformer (~> 0.6.0)
    - RestKit/Support
    - RKValueTransformers (~> 1.1.0)
  - RestKit/Support (0.24.1):
    - TransitionKit (~> 2.1.0)
  - RKValueTransformers (1.1.3)
  - SDWebImage (4.0.0):
    - SDWebImage/Core (= 4.0.0)
  - SDWebImage/Core (4.0.0)
  - SOCKit (1.1)
  - TransitionKit (2.1.1)
  - UAProgressView (0.1.3)

DEPENDENCIES:
  - AMWaveTransition
  - BFNavigationBarDrawer
  - DLAlertView
  - DZNEmptyDataSet
  - iPerspective
  - iToolbar
  - iTunesApi
  - MagicalRecord
  - MONActivityIndicatorView
  - REFrostedViewController (~> 2.4.6)
  - RestKit
  - SDWebImage
  - UAProgressView

SPEC CHECKSUMS:
  AFNetworking: cf8e418e16f0c9c7e5c3150d019a3c679d015018
  AMWaveTransition: 98952310574779e4ca7e7f4d89f8b1043cdad171
  BFNavigationBarDrawer: 7114305b2eb64f796aeee63029a037e30bf37a93
  DLAlertView: 774c1242cc854177fdc07634ed3f8c250a38864d
  DZNEmptyDataSet: 9525833b9e68ac21c30253e1d3d7076cc828eaa7
  iPerspective: 7b1df2239194faa7a13523d532d9ae0304024f2b
  ISO8601DateFormatterValueTransformer: 52da467d6ec899d6aedda8e48280ac92e8ee97e6
  iToolbar: b5046507bcd4f7499732c5157ae24996f4abc691
  iTunesApi: 37d9f63016aeb53fd58926fc8f91b7fac57f3c6c
  MagicalRecord: 53bed74b4323b930992a725be713e53b37d19755
  MONActivityIndicatorView: a00611695de16d956b17d03be25ee49a8effc5f2
  REFrostedViewController: a893b4979ba1f200c547aef9ff4c3fd5a18f5923
  RestKit: 1987b5efef289c6b27bd980714d6ca48d3871b78
  RKValueTransformers: e5ed67e3811229b616fe01bddeeafe3bb337b1b9
  SDWebImage: 76a6348bdc74eb5a55dd08a091ef298e56b55e41
  SOCKit: c7376ac262bea9115b8f749358f762522a47d392
  TransitionKit: 3a14b6acc7cf2d1dd3e454e24dbad1cfab9a1ef1
  UAProgressView: ce49aee47c14df6dc372f6fd57852f570ca97e6b

PODFILE CHECKSUM: acbc539c83743f017643debe6e8ba3831aef57b6

COCOAPODS: 1.3.1
