// !$*UTF8*$!
{
	archiveVersion = 1;
	classes = {
	};
	objectVersion = 46;
	objects = {

/* Begin PBXAggregateTarget section */
		971E736C19721707000B33DD /* Documentation */ = {
			isa = PBXAggregateTarget;
			buildConfigurationList = 971E736D19721707000B33DD /* Build configuration list for PBXAggregateTarget "Documentation" */;
			buildPhases = (
				971E737819721826000B33DD /* ShellScript */,
			);
			dependencies = (
			);
			name = Documentation;
			productName = Documentation;
		};
/* End PBXAggregateTarget section */

/* Begin PBXBuildFile section */
		9706486919510A0900FA877A /* MediaPlayer.framework in Frameworks */ = {isa = PBXBuildFile; fileRef = 9706486819510A0900FA877A /* MediaPlayer.framework */; };
		976687D4194FBB4D00B5A843 /* Foundation.framework in Frameworks */ = {isa = PBXBuildFile; fileRef = 976687D3194FBB4D00B5A843 /* Foundation.framework */; };
		976687D6194FBB4D00B5A843 /* CoreGraphics.framework in Frameworks */ = {isa = PBXBuildFile; fileRef = 976687D5194FBB4D00B5A843 /* CoreGraphics.framework */; };
		976687D8194FBB4D00B5A843 /* UIKit.framework in Frameworks */ = {isa = PBXBuildFile; fileRef = 976687D7194FBB4D00B5A843 /* UIKit.framework */; };
		976687DE194FBB4D00B5A843 /* InfoPlist.strings in Resources */ = {isa = PBXBuildFile; fileRef = 976687DC194FBB4D00B5A843 /* InfoPlist.strings */; };
		976687E0194FBB4D00B5A843 /* main.m in Sources */ = {isa = PBXBuildFile; fileRef = 976687DF194FBB4D00B5A843 /* main.m */; };
		976687E4194FBB4D00B5A843 /* AppDelegate.m in Sources */ = {isa = PBXBuildFile; fileRef = 976687E3194FBB4D00B5A843 /* AppDelegate.m */; };
		976687E7194FBB4D00B5A843 /* Main.storyboard in Resources */ = {isa = PBXBuildFile; fileRef = 976687E5194FBB4D00B5A843 /* Main.storyboard */; };
		976687EA194FBB4D00B5A843 /* UIMusicViewLoadingController.m in Sources */ = {isa = PBXBuildFile; fileRef = 976687E9194FBB4D00B5A843 /* UIMusicViewLoadingController.m */; };
		976687EC194FBB4D00B5A843 /* Images.xcassets in Resources */ = {isa = PBXBuildFile; fileRef = 976687EB194FBB4D00B5A843 /* Images.xcassets */; };
		976687F3194FBB4D00B5A843 /* XCTest.framework in Frameworks */ = {isa = PBXBuildFile; fileRef = 976687F2194FBB4D00B5A843 /* XCTest.framework */; };
		976687F4194FBB4D00B5A843 /* Foundation.framework in Frameworks */ = {isa = PBXBuildFile; fileRef = 976687D3194FBB4D00B5A843 /* Foundation.framework */; };
		976687F5194FBB4D00B5A843 /* UIKit.framework in Frameworks */ = {isa = PBXBuildFile; fileRef = 976687D7194FBB4D00B5A843 /* UIKit.framework */; };
		976687FD194FBB4D00B5A843 /* InfoPlist.strings in Resources */ = {isa = PBXBuildFile; fileRef = 976687FB194FBB4D00B5A843 /* InfoPlist.strings */; };
		976687FF194FBB4D00B5A843 /* MusicPuttTests.m in Sources */ = {isa = PBXBuildFile; fileRef = 976687FE194FBB4D00B5A843 /* MusicPuttTests.m */; };
		9799979219611E6200360BF8 /* UITableViewCellPlaylistSong.m in Sources */ = {isa = PBXBuildFile; fileRef = 9799979119611E6200360BF8 /* UITableViewCellPlaylistSong.m */; };
		979DED251963A4D50055AD39 /* UIViewControllerSonglist.m in Sources */ = {isa = PBXBuildFile; fileRef = 979DED241963A4D50055AD39 /* UIViewControllerSonglist.m */; };
		979DED28196500E50055AD39 /* UITableViewCellSong.m in Sources */ = {isa = PBXBuildFile; fileRef = 979DED27196500E50055AD39 /* UITableViewCellSong.m */; };
		97A36CBF195D1A9B00AF6AF8 /* UIImageViewArtwork.m in Sources */ = {isa = PBXBuildFile; fileRef = 97A36CBE195D1A9B00AF6AF8 /* UIImageViewArtwork.m */; };
		97A36CCA195F37F000AF6AF8 /* UIViewControllerPlaylist.m in Sources */ = {isa = PBXBuildFile; fileRef = 97A36CC9195F37F000AF6AF8 /* UIViewControllerPlaylist.m */; };
		97A36CDC195F560D00AF6AF8 /* UICurrentPlayingToolBar.m in Sources */ = {isa = PBXBuildFile; fileRef = 97A36CDB195F560D00AF6AF8 /* UICurrentPlayingToolBar.m */; };
		97A36CE0195F593200AF6AF8 /* MPDataManager.m in Sources */ = {isa = PBXBuildFile; fileRef = 97A36CDF195F593200AF6AF8 /* MPDataManager.m */; };
		97A36CE3195F902600AF6AF8 /* UIViewControllerPlaylistSong.m in Sources */ = {isa = PBXBuildFile; fileRef = 97A36CE2195F902600AF6AF8 /* UIViewControllerPlaylistSong.m */; };
		97A36CEC195FC54B00AF6AF8 /* UIViewCurrentToolBar.m in Sources */ = {isa = PBXBuildFile; fileRef = 97A36CEB195FC54B00AF6AF8 /* UIViewCurrentToolBar.m */; };
		97A36CF31960669100AF6AF8 /* UIViewCurrentPlayingToolBar.xib in Resources */ = {isa = PBXBuildFile; fileRef = 97A36CF21960669100AF6AF8 /* UIViewCurrentPlayingToolBar.xib */; };
		97A36D0219609F5B00AF6AF8 /* UIColor+CreateMethods.m in Sources */ = {isa = PBXBuildFile; fileRef = 97A36D0119609F5B00AF6AF8 /* UIColor+CreateMethods.m */; };
		97AC0C3C195A493800BA60E6 /* UIViewControllerMusic.m in Sources */ = {isa = PBXBuildFile; fileRef = 97AC0C3B195A493800BA60E6 /* UIViewControllerMusic.m */; };
		97AF57B61960A53A002978E8 /* UITableViewCellPlaylist.m in Sources */ = {isa = PBXBuildFile; fileRef = 97AF57B51960A53A002978E8 /* UITableViewCellPlaylist.m */; };
		97ECDFB61972EA4D007889E3 /* MPServiceStore.m in Sources */ = {isa = PBXBuildFile; fileRef = 97ECDFB51972EA4D007889E3 /* MPServiceStore.m */; };
		97ECDFB91972EAF6007889E3 /* UIViewControllerToolbar.m in Sources */ = {isa = PBXBuildFile; fileRef = 97ECDFB81972EAF6007889E3 /* UIViewControllerToolbar.m */; };
		97ECDFBC1972F042007889E3 /* MPMusicTrack.m in Sources */ = {isa = PBXBuildFile; fileRef = 97ECDFBB1972F042007889E3 /* MPMusicTrack.m */; };
		97ECDFBE1973747F007889E3 /* MPServiceStoreTest.m in Sources */ = {isa = PBXBuildFile; fileRef = 97ECDFBD1973747F007889E3 /* MPServiceStoreTest.m */; };
		BBB27CA7FF3A48CFA03F0003 /* libPods-MusicPutt.a in Frameworks */ = {isa = PBXBuildFile; fileRef = F007E19973FA4492B118CA24 /* libPods-MusicPutt.a */; };
		D537F13E1964E84400DC9EE7 /* UIViewControllerArtist.m in Sources */ = {isa = PBXBuildFile; fileRef = D537F13D1964E84400DC9EE7 /* UIViewControllerArtist.m */; };
		D537F1441964FF7900DC9EE7 /* UITableViewCellArtist.m in Sources */ = {isa = PBXBuildFile; fileRef = D537F1431964FF7900DC9EE7 /* UITableViewCellArtist.m */; };
		D596A5921968F24D00C55597 /* UIViewControllerArtistAlbum.m in Sources */ = {isa = PBXBuildFile; fileRef = D596A5911968F24D00C55597 /* UIViewControllerArtistAlbum.m */; };
		D5B6DE55196D83040042F072 /* UITableViewCellArtistAlbum.m in Sources */ = {isa = PBXBuildFile; fileRef = D5B6DE54196D83040042F072 /* UITableViewCellArtistAlbum.m */; };
		D5B6DE58197594240042F072 /* UITableViewCellHeaderSection.m in Sources */ = {isa = PBXBuildFile; fileRef = D5B6DE57197594240042F072 /* UITableViewCellHeaderSection.m */; };
/* End PBXBuildFile section */

/* Begin PBXContainerItemProxy section */
		976687F6194FBB4D00B5A843 /* PBXContainerItemProxy */ = {
			isa = PBXContainerItemProxy;
			containerPortal = 976687C8194FBB4D00B5A843 /* Project object */;
			proxyType = 1;
			remoteGlobalIDString = 976687CF194FBB4D00B5A843;
			remoteInfo = MusicPutt;
		};
/* End PBXContainerItemProxy section */

/* Begin PBXFileReference section */
		9706486819510A0900FA877A /* MediaPlayer.framework */ = {isa = PBXFileReference; lastKnownFileType = wrapper.framework; name = MediaPlayer.framework; path = System/Library/Frameworks/MediaPlayer.framework; sourceTree = SDKROOT; };
		976687D0194FBB4D00B5A843 /* MusicPutt.app */ = {isa = PBXFileReference; explicitFileType = wrapper.application; includeInIndex = 0; path = MusicPutt.app; sourceTree = BUILT_PRODUCTS_DIR; };
		976687D3194FBB4D00B5A843 /* Foundation.framework */ = {isa = PBXFileReference; lastKnownFileType = wrapper.framework; name = Foundation.framework; path = System/Library/Frameworks/Foundation.framework; sourceTree = SDKROOT; };
		976687D5194FBB4D00B5A843 /* CoreGraphics.framework */ = {isa = PBXFileReference; lastKnownFileType = wrapper.framework; name = CoreGraphics.framework; path = System/Library/Frameworks/CoreGraphics.framework; sourceTree = SDKROOT; };
		976687D7194FBB4D00B5A843 /* UIKit.framework */ = {isa = PBXFileReference; lastKnownFileType = wrapper.framework; name = UIKit.framework; path = System/Library/Frameworks/UIKit.framework; sourceTree = SDKROOT; };
		976687DB194FBB4D00B5A843 /* MusicPutt-Info.plist */ = {isa = PBXFileReference; lastKnownFileType = text.plist.xml; path = "MusicPutt-Info.plist"; sourceTree = "<group>"; };
		976687DD194FBB4D00B5A843 /* en */ = {isa = PBXFileReference; lastKnownFileType = text.plist.strings; name = en; path = en.lproj/InfoPlist.strings; sourceTree = "<group>"; };
		976687DF194FBB4D00B5A843 /* main.m */ = {isa = PBXFileReference; lastKnownFileType = sourcecode.c.objc; path = main.m; sourceTree = "<group>"; };
		976687E1194FBB4D00B5A843 /* MusicPutt-Prefix.pch */ = {isa = PBXFileReference; lastKnownFileType = sourcecode.c.h; path = "MusicPutt-Prefix.pch"; sourceTree = "<group>"; };
		976687E2194FBB4D00B5A843 /* AppDelegate.h */ = {isa = PBXFileReference; lastKnownFileType = sourcecode.c.h; path = AppDelegate.h; sourceTree = "<group>"; };
		976687E3194FBB4D00B5A843 /* AppDelegate.m */ = {isa = PBXFileReference; lastKnownFileType = sourcecode.c.objc; path = AppDelegate.m; sourceTree = "<group>"; };
		976687E6194FBB4D00B5A843 /* Base */ = {isa = PBXFileReference; lastKnownFileType = file.storyboard; name = Base; path = Base.lproj/Main.storyboard; sourceTree = "<group>"; };
		976687E8194FBB4D00B5A843 /* UIMusicViewLoadingController.h */ = {isa = PBXFileReference; lastKnownFileType = sourcecode.c.h; path = UIMusicViewLoadingController.h; sourceTree = "<group>"; };
		976687E9194FBB4D00B5A843 /* UIMusicViewLoadingController.m */ = {isa = PBXFileReference; lastKnownFileType = sourcecode.c.objc; path = UIMusicViewLoadingController.m; sourceTree = "<group>"; };
		976687EB194FBB4D00B5A843 /* Images.xcassets */ = {isa = PBXFileReference; lastKnownFileType = folder.assetcatalog; path = Images.xcassets; sourceTree = "<group>"; };
		976687F1194FBB4D00B5A843 /* MusicPuttTests.xctest */ = {isa = PBXFileReference; explicitFileType = wrapper.cfbundle; includeInIndex = 0; path = MusicPuttTests.xctest; sourceTree = BUILT_PRODUCTS_DIR; };
		976687F2194FBB4D00B5A843 /* XCTest.framework */ = {isa = PBXFileReference; lastKnownFileType = wrapper.framework; name = XCTest.framework; path = Library/Frameworks/XCTest.framework; sourceTree = DEVELOPER_DIR; };
		976687FA194FBB4D00B5A843 /* MusicPuttTests-Info.plist */ = {isa = PBXFileReference; lastKnownFileType = text.plist.xml; path = "MusicPuttTests-Info.plist"; sourceTree = "<group>"; };
		976687FC194FBB4D00B5A843 /* en */ = {isa = PBXFileReference; lastKnownFileType = text.plist.strings; name = en; path = en.lproj/InfoPlist.strings; sourceTree = "<group>"; };
		976687FE194FBB4D00B5A843 /* MusicPuttTests.m */ = {isa = PBXFileReference; lastKnownFileType = sourcecode.c.objc; path = MusicPuttTests.m; sourceTree = "<group>"; };
		9799979019611E6200360BF8 /* UITableViewCellPlaylistSong.h */ = {isa = PBXFileReference; fileEncoding = 4; lastKnownFileType = sourcecode.c.h; path = UITableViewCellPlaylistSong.h; sourceTree = "<group>"; };
		9799979119611E6200360BF8 /* UITableViewCellPlaylistSong.m */ = {isa = PBXFileReference; fileEncoding = 4; lastKnownFileType = sourcecode.c.objc; path = UITableViewCellPlaylistSong.m; sourceTree = "<group>"; };
		9799979D1962086E00360BF8 /* AVFoundation.framework */ = {isa = PBXFileReference; lastKnownFileType = wrapper.framework; name = AVFoundation.framework; path = System/Library/Frameworks/AVFoundation.framework; sourceTree = SDKROOT; };
		979DED231963A4D50055AD39 /* UIViewControllerSonglist.h */ = {isa = PBXFileReference; fileEncoding = 4; lastKnownFileType = sourcecode.c.h; path = UIViewControllerSonglist.h; sourceTree = "<group>"; };
		979DED241963A4D50055AD39 /* UIViewControllerSonglist.m */ = {isa = PBXFileReference; fileEncoding = 4; lastKnownFileType = sourcecode.c.objc; path = UIViewControllerSonglist.m; sourceTree = "<group>"; };
		979DED26196500E50055AD39 /* UITableViewCellSong.h */ = {isa = PBXFileReference; fileEncoding = 4; lastKnownFileType = sourcecode.c.h; path = UITableViewCellSong.h; sourceTree = "<group>"; };
		979DED27196500E50055AD39 /* UITableViewCellSong.m */ = {isa = PBXFileReference; fileEncoding = 4; lastKnownFileType = sourcecode.c.objc; path = UITableViewCellSong.m; sourceTree = "<group>"; };
		97A36CBD195D1A9B00AF6AF8 /* UIImageViewArtwork.h */ = {isa = PBXFileReference; fileEncoding = 4; lastKnownFileType = sourcecode.c.h; path = UIImageViewArtwork.h; sourceTree = "<group>"; };
		97A36CBE195D1A9B00AF6AF8 /* UIImageViewArtwork.m */ = {isa = PBXFileReference; fileEncoding = 4; lastKnownFileType = sourcecode.c.objc; path = UIImageViewArtwork.m; sourceTree = "<group>"; };
		97A36CC8195F37F000AF6AF8 /* UIViewControllerPlaylist.h */ = {isa = PBXFileReference; fileEncoding = 4; lastKnownFileType = sourcecode.c.h; path = UIViewControllerPlaylist.h; sourceTree = "<group>"; };
		97A36CC9195F37F000AF6AF8 /* UIViewControllerPlaylist.m */ = {isa = PBXFileReference; fileEncoding = 4; lastKnownFileType = sourcecode.c.objc; path = UIViewControllerPlaylist.m; sourceTree = "<group>"; };
		97A36CDA195F560D00AF6AF8 /* UICurrentPlayingToolBar.h */ = {isa = PBXFileReference; fileEncoding = 4; lastKnownFileType = sourcecode.c.h; path = UICurrentPlayingToolBar.h; sourceTree = "<group>"; };
		97A36CDB195F560D00AF6AF8 /* UICurrentPlayingToolBar.m */ = {isa = PBXFileReference; fileEncoding = 4; lastKnownFileType = sourcecode.c.objc; path = UICurrentPlayingToolBar.m; sourceTree = "<group>"; };
		97A36CDE195F593200AF6AF8 /* MPDataManager.h */ = {isa = PBXFileReference; fileEncoding = 4; lastKnownFileType = sourcecode.c.h; path = MPDataManager.h; sourceTree = "<group>"; };
		97A36CDF195F593200AF6AF8 /* MPDataManager.m */ = {isa = PBXFileReference; fileEncoding = 4; lastKnownFileType = sourcecode.c.objc; path = MPDataManager.m; sourceTree = "<group>"; };
		97A36CE1195F902600AF6AF8 /* UIViewControllerPlaylistSong.h */ = {isa = PBXFileReference; fileEncoding = 4; lastKnownFileType = sourcecode.c.h; path = UIViewControllerPlaylistSong.h; sourceTree = "<group>"; };
		97A36CE2195F902600AF6AF8 /* UIViewControllerPlaylistSong.m */ = {isa = PBXFileReference; fileEncoding = 4; lastKnownFileType = sourcecode.c.objc; path = UIViewControllerPlaylistSong.m; sourceTree = "<group>"; };
		97A36CEA195FC54B00AF6AF8 /* UIViewCurrentToolBar.h */ = {isa = PBXFileReference; fileEncoding = 4; lastKnownFileType = sourcecode.c.h; path = UIViewCurrentToolBar.h; sourceTree = "<group>"; };
		97A36CEB195FC54B00AF6AF8 /* UIViewCurrentToolBar.m */ = {isa = PBXFileReference; fileEncoding = 4; lastKnownFileType = sourcecode.c.objc; path = UIViewCurrentToolBar.m; sourceTree = "<group>"; };
		97A36CF21960669100AF6AF8 /* UIViewCurrentPlayingToolBar.xib */ = {isa = PBXFileReference; fileEncoding = 4; lastKnownFileType = file.xib; path = UIViewCurrentPlayingToolBar.xib; sourceTree = "<group>"; };
		97A36D0019609F5B00AF6AF8 /* UIColor+CreateMethods.h */ = {isa = PBXFileReference; fileEncoding = 4; lastKnownFileType = sourcecode.c.h; name = "UIColor+CreateMethods.h"; path = "MusicPutt/tools/UIColor+CreateMethods.h"; sourceTree = "<group>"; };
		97A36D0119609F5B00AF6AF8 /* UIColor+CreateMethods.m */ = {isa = PBXFileReference; fileEncoding = 4; lastKnownFileType = sourcecode.c.objc; name = "UIColor+CreateMethods.m"; path = "MusicPutt/tools/UIColor+CreateMethods.m"; sourceTree = "<group>"; };
		97AC0C3A195A493800BA60E6 /* UIViewControllerMusic.h */ = {isa = PBXFileReference; fileEncoding = 4; lastKnownFileType = sourcecode.c.h; path = UIViewControllerMusic.h; sourceTree = "<group>"; };
		97AC0C3B195A493800BA60E6 /* UIViewControllerMusic.m */ = {isa = PBXFileReference; fileEncoding = 4; lastKnownFileType = sourcecode.c.objc; path = UIViewControllerMusic.m; sourceTree = "<group>"; };
		97AF57B41960A53A002978E8 /* UITableViewCellPlaylist.h */ = {isa = PBXFileReference; fileEncoding = 4; lastKnownFileType = sourcecode.c.h; path = UITableViewCellPlaylist.h; sourceTree = "<group>"; };
		97AF57B51960A53A002978E8 /* UITableViewCellPlaylist.m */ = {isa = PBXFileReference; fileEncoding = 4; lastKnownFileType = sourcecode.c.objc; path = UITableViewCellPlaylist.m; sourceTree = "<group>"; };
		97ECDFB41972EA4D007889E3 /* MPServiceStore.h */ = {isa = PBXFileReference; fileEncoding = 4; lastKnownFileType = sourcecode.c.h; path = MPServiceStore.h; sourceTree = "<group>"; };
		97ECDFB51972EA4D007889E3 /* MPServiceStore.m */ = {isa = PBXFileReference; fileEncoding = 4; lastKnownFileType = sourcecode.c.objc; path = MPServiceStore.m; sourceTree = "<group>"; };
		97ECDFB71972EAF6007889E3 /* UIViewControllerToolbar.h */ = {isa = PBXFileReference; fileEncoding = 4; lastKnownFileType = sourcecode.c.h; name = UIViewControllerToolbar.h; path = MusicPutt/UIViewControllerToolbar.h; sourceTree = "<group>"; };
		97ECDFB81972EAF6007889E3 /* UIViewControllerToolbar.m */ = {isa = PBXFileReference; fileEncoding = 4; lastKnownFileType = sourcecode.c.objc; name = UIViewControllerToolbar.m; path = MusicPutt/UIViewControllerToolbar.m; sourceTree = "<group>"; };
		97ECDFBA1972F042007889E3 /* MPMusicTrack.h */ = {isa = PBXFileReference; fileEncoding = 4; lastKnownFileType = sourcecode.c.h; path = MPMusicTrack.h; sourceTree = "<group>"; };
		97ECDFBB1972F042007889E3 /* MPMusicTrack.m */ = {isa = PBXFileReference; fileEncoding = 4; lastKnownFileType = sourcecode.c.objc; path = MPMusicTrack.m; sourceTree = "<group>"; };
		97ECDFBD1973747F007889E3 /* MPServiceStoreTest.m */ = {isa = PBXFileReference; fileEncoding = 4; lastKnownFileType = sourcecode.c.objc; path = MPServiceStoreTest.m; sourceTree = "<group>"; };
		CFD43261F33545EDA9F7277A /* Pods-MusicPutt.xcconfig */ = {isa = PBXFileReference; includeInIndex = 1; lastKnownFileType = text.xcconfig; name = "Pods-MusicPutt.xcconfig"; path = "Pods/Pods-MusicPutt.xcconfig"; sourceTree = "<group>"; };
		D537F13C1964E84400DC9EE7 /* UIViewControllerArtist.h */ = {isa = PBXFileReference; fileEncoding = 4; lastKnownFileType = sourcecode.c.h; path = UIViewControllerArtist.h; sourceTree = "<group>"; };
		D537F13D1964E84400DC9EE7 /* UIViewControllerArtist.m */ = {isa = PBXFileReference; fileEncoding = 4; lastKnownFileType = sourcecode.c.objc; path = UIViewControllerArtist.m; sourceTree = "<group>"; };
		D537F1421964FF7900DC9EE7 /* UITableViewCellArtist.h */ = {isa = PBXFileReference; fileEncoding = 4; lastKnownFileType = sourcecode.c.h; path = UITableViewCellArtist.h; sourceTree = "<group>"; };
		D537F1431964FF7900DC9EE7 /* UITableViewCellArtist.m */ = {isa = PBXFileReference; fileEncoding = 4; lastKnownFileType = sourcecode.c.objc; path = UITableViewCellArtist.m; sourceTree = "<group>"; };
		D596A5901968F24D00C55597 /* UIViewControllerArtistAlbum.h */ = {isa = PBXFileReference; fileEncoding = 4; lastKnownFileType = sourcecode.c.h; path = UIViewControllerArtistAlbum.h; sourceTree = "<group>"; };
		D596A5911968F24D00C55597 /* UIViewControllerArtistAlbum.m */ = {isa = PBXFileReference; fileEncoding = 4; lastKnownFileType = sourcecode.c.objc; path = UIViewControllerArtistAlbum.m; sourceTree = "<group>"; };
		D5B6DE53196D83040042F072 /* UITableViewCellArtistAlbum.h */ = {isa = PBXFileReference; fileEncoding = 4; lastKnownFileType = sourcecode.c.h; path = UITableViewCellArtistAlbum.h; sourceTree = "<group>"; };
		D5B6DE54196D83040042F072 /* UITableViewCellArtistAlbum.m */ = {isa = PBXFileReference; fileEncoding = 4; lastKnownFileType = sourcecode.c.objc; path = UITableViewCellArtistAlbum.m; sourceTree = "<group>"; };
		D5B6DE56197594240042F072 /* UITableViewCellHeaderSection.h */ = {isa = PBXFileReference; fileEncoding = 4; lastKnownFileType = sourcecode.c.h; path = UITableViewCellHeaderSection.h; sourceTree = "<group>"; };
		D5B6DE57197594240042F072 /* UITableViewCellHeaderSection.m */ = {isa = PBXFileReference; fileEncoding = 4; lastKnownFileType = sourcecode.c.objc; path = UITableViewCellHeaderSection.m; sourceTree = "<group>"; };
		F007E19973FA4492B118CA24 /* libPods-MusicPutt.a */ = {isa = PBXFileReference; explicitFileType = archive.ar; includeInIndex = 0; path = "libPods-MusicPutt.a"; sourceTree = BUILT_PRODUCTS_DIR; };
/* End PBXFileReference section */

/* Begin PBXFrameworksBuildPhase section */
		976687CD194FBB4D00B5A843 /* Frameworks */ = {
			isa = PBXFrameworksBuildPhase;
			buildActionMask = 2147483647;
			files = (
				9706486919510A0900FA877A /* MediaPlayer.framework in Frameworks */,
				976687D6194FBB4D00B5A843 /* CoreGraphics.framework in Frameworks */,
				976687D8194FBB4D00B5A843 /* UIKit.framework in Frameworks */,
				976687D4194FBB4D00B5A843 /* Foundation.framework in Frameworks */,
				BBB27CA7FF3A48CFA03F0003 /* libPods-MusicPutt.a in Frameworks */,
			);
			runOnlyForDeploymentPostprocessing = 0;
		};
		976687EE194FBB4D00B5A843 /* Frameworks */ = {
			isa = PBXFrameworksBuildPhase;
			buildActionMask = 2147483647;
			files = (
				976687F3194FBB4D00B5A843 /* XCTest.framework in Frameworks */,
				976687F5194FBB4D00B5A843 /* UIKit.framework in Frameworks */,
				976687F4194FBB4D00B5A843 /* Foundation.framework in Frameworks */,
			);
			runOnlyForDeploymentPostprocessing = 0;
		};
/* End PBXFrameworksBuildPhase section */

/* Begin PBXGroup section */
		971D8C90194FCA2200A348A3 /* UI */ = {
			isa = PBXGroup;
			children = (
				97AC0C35195A419500BA60E6 /* LoadingScreen */,
				97A36CD9195F55E000AF6AF8 /* CurrentPlayingToolBar */,
				9799978A1960F60500360BF8 /* Songlist */,
				97A36CC7195F37C800AF6AF8 /* Playlist */,
				9799978B1960F61800360BF8 /* Artist */,
				9799978C1960F62700360BF8 /* Album */,
				97AC0C36195A419E00BA60E6 /* Song */,
			);
			name = UI;
			sourceTree = "<group>";
		};
		976687C7194FBB4D00B5A843 = {
			isa = PBXGroup;
			children = (
				97A36CFC196070F400AF6AF8 /* tools */,
				976687D9194FBB4D00B5A843 /* MusicPutt */,
				976687F8194FBB4D00B5A843 /* MusicPuttTests */,
				976687D2194FBB4D00B5A843 /* Frameworks */,
				976687D1194FBB4D00B5A843 /* Products */,
				CFD43261F33545EDA9F7277A /* Pods-MusicPutt.xcconfig */,
			);
			sourceTree = "<group>";
		};
		976687D1194FBB4D00B5A843 /* Products */ = {
			isa = PBXGroup;
			children = (
				976687D0194FBB4D00B5A843 /* MusicPutt.app */,
				976687F1194FBB4D00B5A843 /* MusicPuttTests.xctest */,
			);
			name = Products;
			sourceTree = "<group>";
		};
		976687D2194FBB4D00B5A843 /* Frameworks */ = {
			isa = PBXGroup;
			children = (
				9799979D1962086E00360BF8 /* AVFoundation.framework */,
				9706486819510A0900FA877A /* MediaPlayer.framework */,
				976687D3194FBB4D00B5A843 /* Foundation.framework */,
				976687D5194FBB4D00B5A843 /* CoreGraphics.framework */,
				976687D7194FBB4D00B5A843 /* UIKit.framework */,
				976687F2194FBB4D00B5A843 /* XCTest.framework */,
				F007E19973FA4492B118CA24 /* libPods-MusicPutt.a */,
			);
			name = Frameworks;
			sourceTree = "<group>";
		};
		976687D9194FBB4D00B5A843 /* MusicPutt */ = {
			isa = PBXGroup;
			children = (
				97A36CDD195F592500AF6AF8 /* DataManager */,
				971D8C90194FCA2200A348A3 /* UI */,
				976687E2194FBB4D00B5A843 /* AppDelegate.h */,
				976687E3194FBB4D00B5A843 /* AppDelegate.m */,
				976687E5194FBB4D00B5A843 /* Main.storyboard */,
				976687EB194FBB4D00B5A843 /* Images.xcassets */,
				976687DA194FBB4D00B5A843 /* Supporting Files */,
			);
			path = MusicPutt;
			sourceTree = "<group>";
		};
		976687DA194FBB4D00B5A843 /* Supporting Files */ = {
			isa = PBXGroup;
			children = (
				976687DB194FBB4D00B5A843 /* MusicPutt-Info.plist */,
				976687DC194FBB4D00B5A843 /* InfoPlist.strings */,
				976687DF194FBB4D00B5A843 /* main.m */,
				976687E1194FBB4D00B5A843 /* MusicPutt-Prefix.pch */,
			);
			name = "Supporting Files";
			sourceTree = "<group>";
		};
		976687F8194FBB4D00B5A843 /* MusicPuttTests */ = {
			isa = PBXGroup;
			children = (
				97ECDFBD1973747F007889E3 /* MPServiceStoreTest.m */,
				976687FE194FBB4D00B5A843 /* MusicPuttTests.m */,
				976687F9194FBB4D00B5A843 /* Supporting Files */,
			);
			path = MusicPuttTests;
			sourceTree = "<group>";
		};
		976687F9194FBB4D00B5A843 /* Supporting Files */ = {
			isa = PBXGroup;
			children = (
				976687FA194FBB4D00B5A843 /* MusicPuttTests-Info.plist */,
				976687FB194FBB4D00B5A843 /* InfoPlist.strings */,
			);
			name = "Supporting Files";
			sourceTree = "<group>";
		};
		9799978A1960F60500360BF8 /* Songlist */ = {
			isa = PBXGroup;
			children = (
				979DED231963A4D50055AD39 /* UIViewControllerSonglist.h */,
				979DED241963A4D50055AD39 /* UIViewControllerSonglist.m */,
				979DED26196500E50055AD39 /* UITableViewCellSong.h */,
				979DED27196500E50055AD39 /* UITableViewCellSong.m */,
			);
			name = Songlist;
			sourceTree = "<group>";
		};
		9799978B1960F61800360BF8 /* Artist */ = {
			isa = PBXGroup;
			children = (
				D537F13C1964E84400DC9EE7 /* UIViewControllerArtist.h */,
				D537F13D1964E84400DC9EE7 /* UIViewControllerArtist.m */,
				D537F1421964FF7900DC9EE7 /* UITableViewCellArtist.h */,
				D537F1431964FF7900DC9EE7 /* UITableViewCellArtist.m */,
				D596A5901968F24D00C55597 /* UIViewControllerArtistAlbum.h */,
				D596A5911968F24D00C55597 /* UIViewControllerArtistAlbum.m */,
				D5B6DE53196D83040042F072 /* UITableViewCellArtistAlbum.h */,
				D5B6DE54196D83040042F072 /* UITableViewCellArtistAlbum.m */,
				D5B6DE56197594240042F072 /* UITableViewCellHeaderSection.h */,
				D5B6DE57197594240042F072 /* UITableViewCellHeaderSection.m */,
			);
			name = Artist;
			sourceTree = "<group>";
		};
		9799978C1960F62700360BF8 /* Album */ = {
			isa = PBXGroup;
			children = (
			);
			name = Album;
			sourceTree = "<group>";
		};
		97A36CC7195F37C800AF6AF8 /* Playlist */ = {
			isa = PBXGroup;
			children = (
				97A36CC8195F37F000AF6AF8 /* UIViewControllerPlaylist.h */,
				97A36CC9195F37F000AF6AF8 /* UIViewControllerPlaylist.m */,
				97A36CE1195F902600AF6AF8 /* UIViewControllerPlaylistSong.h */,
				97A36CE2195F902600AF6AF8 /* UIViewControllerPlaylistSong.m */,
				97AF57B41960A53A002978E8 /* UITableViewCellPlaylist.h */,
				97AF57B51960A53A002978E8 /* UITableViewCellPlaylist.m */,
				9799979019611E6200360BF8 /* UITableViewCellPlaylistSong.h */,
				9799979119611E6200360BF8 /* UITableViewCellPlaylistSong.m */,
			);
			name = Playlist;
			sourceTree = "<group>";
		};
		97A36CD9195F55E000AF6AF8 /* CurrentPlayingToolBar */ = {
			isa = PBXGroup;
			children = (
				97A36CF21960669100AF6AF8 /* UIViewCurrentPlayingToolBar.xib */,
				97A36CDA195F560D00AF6AF8 /* UICurrentPlayingToolBar.h */,
				97A36CDB195F560D00AF6AF8 /* UICurrentPlayingToolBar.m */,
				97A36CEA195FC54B00AF6AF8 /* UIViewCurrentToolBar.h */,
				97A36CEB195FC54B00AF6AF8 /* UIViewCurrentToolBar.m */,
			);
			name = CurrentPlayingToolBar;
			sourceTree = "<group>";
		};
		97A36CDD195F592500AF6AF8 /* DataManager */ = {
			isa = PBXGroup;
			children = (
				97ECDFB21972E9F5007889E3 /* Services */,
				97A36CDE195F593200AF6AF8 /* MPDataManager.h */,
				97A36CDF195F593200AF6AF8 /* MPDataManager.m */,
			);
			name = DataManager;
			sourceTree = "<group>";
		};
		97A36CFC196070F400AF6AF8 /* tools */ = {
			isa = PBXGroup;
			children = (
				97A36D0019609F5B00AF6AF8 /* UIColor+CreateMethods.h */,
				97A36D0119609F5B00AF6AF8 /* UIColor+CreateMethods.m */,
				97ECDFB71972EAF6007889E3 /* UIViewControllerToolbar.h */,
				97ECDFB81972EAF6007889E3 /* UIViewControllerToolbar.m */,
			);
			name = tools;
			sourceTree = "<group>";
		};
		97AC0C35195A419500BA60E6 /* LoadingScreen */ = {
			isa = PBXGroup;
			children = (
				976687E8194FBB4D00B5A843 /* UIMusicViewLoadingController.h */,
				976687E9194FBB4D00B5A843 /* UIMusicViewLoadingController.m */,
			);
			name = LoadingScreen;
			sourceTree = "<group>";
		};
		97AC0C36195A419E00BA60E6 /* Song */ = {
			isa = PBXGroup;
			children = (
				97AC0C3A195A493800BA60E6 /* UIViewControllerMusic.h */,
				97AC0C3B195A493800BA60E6 /* UIViewControllerMusic.m */,
				97A36CBD195D1A9B00AF6AF8 /* UIImageViewArtwork.h */,
				97A36CBE195D1A9B00AF6AF8 /* UIImageViewArtwork.m */,
			);
			name = Song;
			sourceTree = "<group>";
		};
		97ECDFB21972E9F5007889E3 /* Services */ = {
			isa = PBXGroup;
			children = (
				97ECDFB31972E9FC007889E3 /* itunes */,
			);
			name = Services;
			sourceTree = "<group>";
		};
		97ECDFB31972E9FC007889E3 /* itunes */ = {
			isa = PBXGroup;
			children = (
				97ECDFB41972EA4D007889E3 /* MPServiceStore.h */,
				97ECDFB51972EA4D007889E3 /* MPServiceStore.m */,
				97ECDFBA1972F042007889E3 /* MPMusicTrack.h */,
				97ECDFBB1972F042007889E3 /* MPMusicTrack.m */,
			);
			name = itunes;
			sourceTree = "<group>";
		};
/* End PBXGroup section */

/* Begin PBXNativeTarget section */
		976687CF194FBB4D00B5A843 /* MusicPutt */ = {
			isa = PBXNativeTarget;
			buildConfigurationList = 97668802194FBB4D00B5A843 /* Build configuration list for PBXNativeTarget "MusicPutt" */;
			buildPhases = (
				AA0B10B5D74F4758BB8843EA /* Check Pods Manifest.lock */,
				976687CC194FBB4D00B5A843 /* Sources */,
				976687CD194FBB4D00B5A843 /* Frameworks */,
				976687CE194FBB4D00B5A843 /* Resources */,
				B4F99249391349BB9B1D9714 /* Copy Pods Resources */,
			);
			buildRules = (
			);
			dependencies = (
			);
			name = MusicPutt;
			productName = MusicPutt;
			productReference = 976687D0194FBB4D00B5A843 /* MusicPutt.app */;
			productType = "com.apple.product-type.application";
		};
		976687F0194FBB4D00B5A843 /* MusicPuttTests */ = {
			isa = PBXNativeTarget;
			buildConfigurationList = 97668805194FBB4D00B5A843 /* Build configuration list for PBXNativeTarget "MusicPuttTests" */;
			buildPhases = (
				976687ED194FBB4D00B5A843 /* Sources */,
				976687EE194FBB4D00B5A843 /* Frameworks */,
				976687EF194FBB4D00B5A843 /* Resources */,
			);
			buildRules = (
			);
			dependencies = (
				976687F7194FBB4D00B5A843 /* PBXTargetDependency */,
			);
			name = MusicPuttTests;
			productName = MusicPuttTests;
			productReference = 976687F1194FBB4D00B5A843 /* MusicPuttTests.xctest */;
			productType = "com.apple.product-type.bundle.unit-test";
		};
/* End PBXNativeTarget section */

/* Begin PBXProject section */
		976687C8194FBB4D00B5A843 /* Project object */ = {
			isa = PBXProject;
			attributes = {
				LastUpgradeCheck = 0510;
				ORGANIZATIONNAME = "Eric Pinet";
				TargetAttributes = {
					976687CF194FBB4D00B5A843 = {
						DevelopmentTeam = NU5E6U97UG;
					};
					976687F0194FBB4D00B5A843 = {
						TestTargetID = 976687CF194FBB4D00B5A843;
					};
				};
			};
			buildConfigurationList = 976687CB194FBB4D00B5A843 /* Build configuration list for PBXProject "MusicPutt" */;
			compatibilityVersion = "Xcode 3.2";
			developmentRegion = English;
			hasScannedForEncodings = 0;
			knownRegions = (
				en,
				Base,
			);
			mainGroup = 976687C7194FBB4D00B5A843;
			productRefGroup = 976687D1194FBB4D00B5A843 /* Products */;
			projectDirPath = "";
			projectRoot = "";
			targets = (
				976687CF194FBB4D00B5A843 /* MusicPutt */,
				976687F0194FBB4D00B5A843 /* MusicPuttTests */,
				971E736C19721707000B33DD /* Documentation */,
			);
		};
/* End PBXProject section */

/* Begin PBXResourcesBuildPhase section */
		976687CE194FBB4D00B5A843 /* Resources */ = {
			isa = PBXResourcesBuildPhase;
			buildActionMask = 2147483647;
			files = (
				97A36CF31960669100AF6AF8 /* UIViewCurrentPlayingToolBar.xib in Resources */,
				976687EC194FBB4D00B5A843 /* Images.xcassets in Resources */,
				976687DE194FBB4D00B5A843 /* InfoPlist.strings in Resources */,
				976687E7194FBB4D00B5A843 /* Main.storyboard in Resources */,
			);
			runOnlyForDeploymentPostprocessing = 0;
		};
		976687EF194FBB4D00B5A843 /* Resources */ = {
			isa = PBXResourcesBuildPhase;
			buildActionMask = 2147483647;
			files = (
				976687FD194FBB4D00B5A843 /* InfoPlist.strings in Resources */,
			);
			runOnlyForDeploymentPostprocessing = 0;
		};
/* End PBXResourcesBuildPhase section */

/* Begin PBXShellScriptBuildPhase section */
		971E737819721826000B33DD /* ShellScript */ = {
			isa = PBXShellScriptBuildPhase;
			buildActionMask = 2147483647;
			files = (
			);
			inputPaths = (
			);
			outputPaths = (
			);
			runOnlyForDeploymentPostprocessing = 0;
			shellPath = /bin/sh;
			shellScript = "#appledoc Xcode script\n# Start constants\ncompany=\"Eric Pinet\";\ncompanyID=\"com.ericpinet\";\ncompanyURL=\"http://www.ericpinet.com\";\ntarget=\"iphoneos\";\n#target=\"macosx\";\noutputPath=\"~/github/musicputt/doc\";\n# End constants\n/usr/local/bin/appledoc \\\n--project-name \"${PROJECT_NAME}\" \\\n--project-company \"${company}\" \\\n--company-id \"${companyID}\" \\\n--docset-atom-filename \"${company}.atom\" \\\n--docset-feed-url \"${companyURL}/${company}/%DOCSETATOMFILENAME\" \\\n--docset-package-url \"${companyURL}/${company}/%DOCSETPACKAGEFILENAME\" \\\n--docset-fallback-url \"${companyURL}/${company}\" \\\n--output \"${outputPath}\" \\\n--publish-docset \\\n--docset-platform-family \"${target}\" \\\n--logformat xcode \\\n--keep-intermediate-files \\\n--no-repeat-first-par \\\n--no-warn-invalid-crossref \\\n--exit-threshold 2 \\\n--ignore Pods \\\n\"${PROJECT_DIR}\"";
		};
		AA0B10B5D74F4758BB8843EA /* Check Pods Manifest.lock */ = {
			isa = PBXShellScriptBuildPhase;
			buildActionMask = 2147483647;
			files = (
			);
			inputPaths = (
			);
			name = "Check Pods Manifest.lock";
			outputPaths = (
			);
			runOnlyForDeploymentPostprocessing = 0;
			shellPath = /bin/sh;
			shellScript = "diff \"${PODS_ROOT}/../Podfile.lock\" \"${PODS_ROOT}/Manifest.lock\" > /dev/null\nif [[ $? != 0 ]] ; then\n    cat << EOM\nerror: The sandbox is not in sync with the Podfile.lock. Run 'pod install' or update your CocoaPods installation.\nEOM\n    exit 1\nfi\n";
			showEnvVarsInLog = 0;
		};
		B4F99249391349BB9B1D9714 /* Copy Pods Resources */ = {
			isa = PBXShellScriptBuildPhase;
			buildActionMask = 2147483647;
			files = (
			);
			inputPaths = (
			);
			name = "Copy Pods Resources";
			outputPaths = (
			);
			runOnlyForDeploymentPostprocessing = 0;
			shellPath = /bin/sh;
			shellScript = "\"${SRCROOT}/Pods/Pods-MusicPutt-resources.sh\"\n";
			showEnvVarsInLog = 0;
		};
/* End PBXShellScriptBuildPhase section */

/* Begin PBXSourcesBuildPhase section */
		976687CC194FBB4D00B5A843 /* Sources */ = {
			isa = PBXSourcesBuildPhase;
			buildActionMask = 2147483647;
			files = (
				979DED28196500E50055AD39 /* UITableViewCellSong.m in Sources */,
				97AF57B61960A53A002978E8 /* UITableViewCellPlaylist.m in Sources */,
				97ECDFBC1972F042007889E3 /* MPMusicTrack.m in Sources */,
				97AC0C3C195A493800BA60E6 /* UIViewControllerMusic.m in Sources */,
				97A36CE0195F593200AF6AF8 /* MPDataManager.m in Sources */,
				97A36CEC195FC54B00AF6AF8 /* UIViewCurrentToolBar.m in Sources */,
				976687EA194FBB4D00B5A843 /* UIMusicViewLoadingController.m in Sources */,
				D5B6DE58197594240042F072 /* UITableViewCellHeaderSection.m in Sources */,
				9799979219611E6200360BF8 /* UITableViewCellPlaylistSong.m in Sources */,
				979DED251963A4D50055AD39 /* UIViewControllerSonglist.m in Sources */,
				D537F13E1964E84400DC9EE7 /* UIViewControllerArtist.m in Sources */,
				976687E4194FBB4D00B5A843 /* AppDelegate.m in Sources */,
				97ECDFB61972EA4D007889E3 /* MPServiceStore.m in Sources */,
				97A36CDC195F560D00AF6AF8 /* UICurrentPlayingToolBar.m in Sources */,
				976687E0194FBB4D00B5A843 /* main.m in Sources */,
				D596A5921968F24D00C55597 /* UIViewControllerArtistAlbum.m in Sources */,
				97A36CE3195F902600AF6AF8 /* UIViewControllerPlaylistSong.m in Sources */,
				97A36D0219609F5B00AF6AF8 /* UIColor+CreateMethods.m in Sources */,
				97ECDFB91972EAF6007889E3 /* UIViewControllerToolbar.m in Sources */,
				D537F1441964FF7900DC9EE7 /* UITableViewCellArtist.m in Sources */,
				D5B6DE55196D83040042F072 /* UITableViewCellArtistAlbum.m in Sources */,
				97A36CCA195F37F000AF6AF8 /* UIViewControllerPlaylist.m in Sources */,
				97A36CBF195D1A9B00AF6AF8 /* UIImageViewArtwork.m in Sources */,
			);
			runOnlyForDeploymentPostprocessing = 0;
		};
		976687ED194FBB4D00B5A843 /* Sources */ = {
			isa = PBXSourcesBuildPhase;
			buildActionMask = 2147483647;
			files = (
				97ECDFBE1973747F007889E3 /* MPServiceStoreTest.m in Sources */,
				976687FF194FBB4D00B5A843 /* MusicPuttTests.m in Sources */,
			);
			runOnlyForDeploymentPostprocessing = 0;
		};
/* End PBXSourcesBuildPhase section */

/* Begin PBXTargetDependency section */
		976687F7194FBB4D00B5A843 /* PBXTargetDependency */ = {
			isa = PBXTargetDependency;
			target = 976687CF194FBB4D00B5A843 /* MusicPutt */;
			targetProxy = 976687F6194FBB4D00B5A843 /* PBXContainerItemProxy */;
		};
/* End PBXTargetDependency section */

/* Begin PBXVariantGroup section */
		976687DC194FBB4D00B5A843 /* InfoPlist.strings */ = {
			isa = PBXVariantGroup;
			children = (
				976687DD194FBB4D00B5A843 /* en */,
			);
			name = InfoPlist.strings;
			sourceTree = "<group>";
		};
		976687E5194FBB4D00B5A843 /* Main.storyboard */ = {
			isa = PBXVariantGroup;
			children = (
				976687E6194FBB4D00B5A843 /* Base */,
			);
			name = Main.storyboard;
			sourceTree = "<group>";
		};
		976687FB194FBB4D00B5A843 /* InfoPlist.strings */ = {
			isa = PBXVariantGroup;
			children = (
				976687FC194FBB4D00B5A843 /* en */,
			);
			name = InfoPlist.strings;
			sourceTree = "<group>";
		};
/* End PBXVariantGroup section */

/* Begin XCBuildConfiguration section */
		971E736E19721707000B33DD /* Debug */ = {
			isa = XCBuildConfiguration;
			buildSettings = {
				PRODUCT_NAME = "$(TARGET_NAME)";
			};
			name = Debug;
		};
		971E736F19721707000B33DD /* Release */ = {
			isa = XCBuildConfiguration;
			buildSettings = {
				PRODUCT_NAME = "$(TARGET_NAME)";
			};
			name = Release;
		};
		97668800194FBB4D00B5A843 /* Debug */ = {
			isa = XCBuildConfiguration;
			buildSettings = {
				ALWAYS_SEARCH_USER_PATHS = NO;
				CLANG_CXX_LANGUAGE_STANDARD = "gnu++0x";
				CLANG_CXX_LIBRARY = "libc++";
				CLANG_ENABLE_MODULES = YES;
				CLANG_ENABLE_OBJC_ARC = YES;
				CLANG_WARN_BOOL_CONVERSION = YES;
				CLANG_WARN_CONSTANT_CONVERSION = YES;
				CLANG_WARN_DIRECT_OBJC_ISA_USAGE = YES_ERROR;
				CLANG_WARN_EMPTY_BODY = YES;
				CLANG_WARN_ENUM_CONVERSION = YES;
				CLANG_WARN_INT_CONVERSION = YES;
				CLANG_WARN_OBJC_ROOT_CLASS = YES_ERROR;
				CLANG_WARN__DUPLICATE_METHOD_MATCH = YES;
				"CODE_SIGN_IDENTITY[sdk=iphoneos*]" = "iPhone Developer";
				COPY_PHASE_STRIP = NO;
				GCC_C_LANGUAGE_STANDARD = gnu99;
				GCC_DYNAMIC_NO_PIC = NO;
				GCC_OPTIMIZATION_LEVEL = 0;
				GCC_PREPROCESSOR_DEFINITIONS = (
					"DEBUG=1",
					"$(inherited)",
				);
				GCC_SYMBOLS_PRIVATE_EXTERN = NO;
				GCC_WARN_64_TO_32_BIT_CONVERSION = YES;
				GCC_WARN_ABOUT_RETURN_TYPE = YES_ERROR;
				GCC_WARN_UNDECLARED_SELECTOR = YES;
				GCC_WARN_UNINITIALIZED_AUTOS = YES_AGGRESSIVE;
				GCC_WARN_UNUSED_FUNCTION = YES;
				GCC_WARN_UNUSED_VARIABLE = YES;
				IPHONEOS_DEPLOYMENT_TARGET = 7.1;
				ONLY_ACTIVE_ARCH = YES;
				SDKROOT = iphoneos;
			};
			name = Debug;
		};
		97668801194FBB4D00B5A843 /* Release */ = {
			isa = XCBuildConfiguration;
			buildSettings = {
				ALWAYS_SEARCH_USER_PATHS = NO;
				CLANG_CXX_LANGUAGE_STANDARD = "gnu++0x";
				CLANG_CXX_LIBRARY = "libc++";
				CLANG_ENABLE_MODULES = YES;
				CLANG_ENABLE_OBJC_ARC = YES;
				CLANG_WARN_BOOL_CONVERSION = YES;
				CLANG_WARN_CONSTANT_CONVERSION = YES;
				CLANG_WARN_DIRECT_OBJC_ISA_USAGE = YES_ERROR;
				CLANG_WARN_EMPTY_BODY = YES;
				CLANG_WARN_ENUM_CONVERSION = YES;
				CLANG_WARN_INT_CONVERSION = YES;
				CLANG_WARN_OBJC_ROOT_CLASS = YES_ERROR;
				CLANG_WARN__DUPLICATE_METHOD_MATCH = YES;
				"CODE_SIGN_IDENTITY[sdk=iphoneos*]" = "iPhone Developer";
				COPY_PHASE_STRIP = YES;
				ENABLE_NS_ASSERTIONS = NO;
				GCC_C_LANGUAGE_STANDARD = gnu99;
				GCC_WARN_64_TO_32_BIT_CONVERSION = YES;
				GCC_WARN_ABOUT_RETURN_TYPE = YES_ERROR;
				GCC_WARN_UNDECLARED_SELECTOR = YES;
				GCC_WARN_UNINITIALIZED_AUTOS = YES_AGGRESSIVE;
				GCC_WARN_UNUSED_FUNCTION = YES;
				GCC_WARN_UNUSED_VARIABLE = YES;
				IPHONEOS_DEPLOYMENT_TARGET = 7.1;
				SDKROOT = iphoneos;
				VALIDATE_PRODUCT = YES;
			};
			name = Release;
		};
		97668803194FBB4D00B5A843 /* Debug */ = {
			isa = XCBuildConfiguration;
			baseConfigurationReference = CFD43261F33545EDA9F7277A /* Pods-MusicPutt.xcconfig */;
			buildSettings = {
				ASSETCATALOG_COMPILER_APPICON_NAME = AppIcon;
				ASSETCATALOG_COMPILER_LAUNCHIMAGE_NAME = LaunchImage;
				CLANG_WARN_DOCUMENTATION_COMMENTS = NO;
				CODE_SIGN_IDENTITY = "iPhone Developer";
				"CODE_SIGN_IDENTITY[sdk=iphoneos*]" = "iPhone Developer";
				GCC_PRECOMPILE_PREFIX_HEADER = YES;
				GCC_PREFIX_HEADER = "MusicPutt/MusicPutt-Prefix.pch";
				INFOPLIST_FILE = "MusicPutt/MusicPutt-Info.plist";
				IPHONEOS_DEPLOYMENT_TARGET = 7.0;
				PRODUCT_NAME = "$(TARGET_NAME)";
				PROVISIONING_PROFILE = "";
				WRAPPER_EXTENSION = app;
			};
			name = Debug;
		};
		97668804194FBB4D00B5A843 /* Release */ = {
			isa = XCBuildConfiguration;
			baseConfigurationReference = CFD43261F33545EDA9F7277A /* Pods-MusicPutt.xcconfig */;
			buildSettings = {
				ASSETCATALOG_COMPILER_APPICON_NAME = AppIcon;
				ASSETCATALOG_COMPILER_LAUNCHIMAGE_NAME = LaunchImage;
				CLANG_WARN_DOCUMENTATION_COMMENTS = NO;
				CODE_SIGN_IDENTITY = "iPhone Developer";
				"CODE_SIGN_IDENTITY[sdk=iphoneos*]" = "iPhone Developer";
				GCC_PRECOMPILE_PREFIX_HEADER = YES;
				GCC_PREFIX_HEADER = "MusicPutt/MusicPutt-Prefix.pch";
				INFOPLIST_FILE = "MusicPutt/MusicPutt-Info.plist";
				IPHONEOS_DEPLOYMENT_TARGET = 7.0;
				PRODUCT_NAME = "$(TARGET_NAME)";
				PROVISIONING_PROFILE = "";
				WRAPPER_EXTENSION = app;
			};
			name = Release;
		};
		97668806194FBB4D00B5A843 /* Debug */ = {
			isa = XCBuildConfiguration;
			buildSettings = {
				BUNDLE_LOADER = "$(BUILT_PRODUCTS_DIR)/MusicPutt.app/MusicPutt";
				FRAMEWORK_SEARCH_PATHS = (
					"$(SDKROOT)/Developer/Library/Frameworks",
					"$(inherited)",
					"$(DEVELOPER_FRAMEWORKS_DIR)",
				);
				GCC_PRECOMPILE_PREFIX_HEADER = YES;
				GCC_PREFIX_HEADER = "MusicPutt/MusicPutt-Prefix.pch";
				GCC_PREPROCESSOR_DEFINITIONS = (
					"DEBUG=1",
					"$(inherited)",
				);
				INFOPLIST_FILE = "MusicPuttTests/MusicPuttTests-Info.plist";
				PRODUCT_NAME = "$(TARGET_NAME)";
				TEST_HOST = "$(BUNDLE_LOADER)";
				WRAPPER_EXTENSION = xctest;
			};
			name = Debug;
		};
		97668807194FBB4D00B5A843 /* Release */ = {
			isa = XCBuildConfiguration;
			buildSettings = {
				BUNDLE_LOADER = "$(BUILT_PRODUCTS_DIR)/MusicPutt.app/MusicPutt";
				FRAMEWORK_SEARCH_PATHS = (
					"$(SDKROOT)/Developer/Library/Frameworks",
					"$(inherited)",
					"$(DEVELOPER_FRAMEWORKS_DIR)",
				);
				GCC_PRECOMPILE_PREFIX_HEADER = YES;
				GCC_PREFIX_HEADER = "MusicPutt/MusicPutt-Prefix.pch";
				INFOPLIST_FILE = "MusicPuttTests/MusicPuttTests-Info.plist";
				PRODUCT_NAME = "$(TARGET_NAME)";
				TEST_HOST = "$(BUNDLE_LOADER)";
				WRAPPER_EXTENSION = xctest;
			};
			name = Release;
		};
/* End XCBuildConfiguration section */

/* Begin XCConfigurationList section */
		971E736D19721707000B33DD /* Build configuration list for PBXAggregateTarget "Documentation" */ = {
			isa = XCConfigurationList;
			buildConfigurations = (
				971E736E19721707000B33DD /* Debug */,
				971E736F19721707000B33DD /* Release */,
			);
			defaultConfigurationIsVisible = 0;
			defaultConfigurationName = Release;
		};
		976687CB194FBB4D00B5A843 /* Build configuration list for PBXProject "MusicPutt" */ = {
			isa = XCConfigurationList;
			buildConfigurations = (
				97668800194FBB4D00B5A843 /* Debug */,
				97668801194FBB4D00B5A843 /* Release */,
			);
			defaultConfigurationIsVisible = 0;
			defaultConfigurationName = Release;
		};
		97668802194FBB4D00B5A843 /* Build configuration list for PBXNativeTarget "MusicPutt" */ = {
			isa = XCConfigurationList;
			buildConfigurations = (
				97668803194FBB4D00B5A843 /* Debug */,
				97668804194FBB4D00B5A843 /* Release */,
			);
			defaultConfigurationIsVisible = 0;
			defaultConfigurationName = Release;
		};
		97668805194FBB4D00B5A843 /* Build configuration list for PBXNativeTarget "MusicPuttTests" */ = {
			isa = XCConfigurationList;
			buildConfigurations = (
				97668806194FBB4D00B5A843 /* Debug */,
				97668807194FBB4D00B5A843 /* Release */,
			);
			defaultConfigurationIsVisible = 0;
			defaultConfigurationName = Release;
		};
/* End XCConfigurationList section */
	};
	rootObject = 976687C8194FBB4D00B5A843 /* Project object */;
}
